
Microsoft Visual Studio Solution File, Format Version 12.00
# Visual Studio 2013
VisualStudioVersion = 12.0.31101.0
MinimumVisualStudioVersion = 10.0.40219.1
Project("{FAE04EC0-301F-11D3-BF4B-00C04F79EFBC}") = "Presentacion", "Presentacion\Presentacion.csproj", "{CC56640D-264D-4111-AD81-83FAD19085FB}"
EndProject
Project("{FAE04EC0-301F-11D3-BF4B-00C04F79EFBC}") = "Comun", "Comun\Comun.csproj", "{62D62188-ECEF-4F36-85E3-F998C000448A}"
EndProject
Project("{FAE04EC0-301F-11D3-BF4B-00C04F79EFBC}") = "AccesoADatos", "AccesoADatos\AccesoADatos.csproj", "{517FE7AC-77CE-4008-BC78-A4E74AEC779C}"
EndProject
Project("{FAE04EC0-301F-11D3-BF4B-00C04F79EFBC}") = "Logica", "Logica\Logica.csproj", "{445E9C25-7356-4197-9A74-2BB500E33F82}"
EndProject
Project("{6141683F-8A12-4E36-9623-2EB02B2C2303}") = "InvCEMISAM", "InvCEMISAM\InvCEMISAM.isproj", "{E6AD0E22-2F14-4190-8DDD-B623A15BED19}"
EndProject
Global
	GlobalSection(SolutionConfigurationPlatforms) = preSolution
		CD_ROM|Any CPU = CD_ROM|Any CPU
		CD_ROM|Mixed Platforms = CD_ROM|Mixed Platforms
		CD_ROM|x86 = CD_ROM|x86
		Debug|Any CPU = Debug|Any CPU
		Debug|Mixed Platforms = Debug|Mixed Platforms
		Debug|x86 = Debug|x86
		DVD-5|Any CPU = DVD-5|Any CPU
		DVD-5|Mixed Platforms = DVD-5|Mixed Platforms
		DVD-5|x86 = DVD-5|x86
		Release|Any CPU = Release|Any CPU
		Release|Mixed Platforms = Release|Mixed Platforms
		Release|x86 = Release|x86
		SingleImage|Any CPU = SingleImage|Any CPU
		SingleImage|Mixed Platforms = SingleImage|Mixed Platforms
		SingleImage|x86 = SingleImage|x86
	EndGlobalSection
	GlobalSection(ProjectConfigurationPlatforms) = postSolution
		{CC56640D-264D-4111-AD81-83FAD19085FB}.CD_ROM|Any CPU.ActiveCfg = Release|x86
		{CC56640D-264D-4111-AD81-83FAD19085FB}.CD_ROM|Mixed Platforms.ActiveCfg = Release|x86
		{CC56640D-264D-4111-AD81-83FAD19085FB}.CD_ROM|Mixed Platforms.Build.0 = Release|x86
		{CC56640D-264D-4111-AD81-83FAD19085FB}.CD_ROM|x86.ActiveCfg = Release|x86
		{CC56640D-264D-4111-AD81-83FAD19085FB}.CD_ROM|x86.Build.0 = Release|x86
		{CC56640D-264D-4111-AD81-83FAD19085FB}.Debug|Any CPU.ActiveCfg = Debug|x86
		{CC56640D-264D-4111-AD81-83FAD19085FB}.Debug|Mixed Platforms.ActiveCfg = Debug|x86
		{CC56640D-264D-4111-AD81-83FAD19085FB}.Debug|Mixed Platforms.Build.0 = Debug|x86
		{CC56640D-264D-4111-AD81-83FAD19085FB}.Debug|x86.ActiveCfg = Debug|x86
		{CC56640D-264D-4111-AD81-83FAD19085FB}.Debug|x86.Build.0 = Debug|x86
		{CC56640D-264D-4111-AD81-83FAD19085FB}.DVD-5|Any CPU.ActiveCfg = Debug|x86
		{CC56640D-264D-4111-AD81-83FAD19085FB}.DVD-5|Mixed Platforms.ActiveCfg = Debug|x86
		{CC56640D-264D-4111-AD81-83FAD19085FB}.DVD-5|Mixed Platforms.Build.0 = Debug|x86
		{CC56640D-264D-4111-AD81-83FAD19085FB}.DVD-5|x86.ActiveCfg = Debug|x86
		{CC56640D-264D-4111-AD81-83FAD19085FB}.DVD-5|x86.Build.0 = Debug|x86
		{CC56640D-264D-4111-AD81-83FAD19085FB}.Release|Any CPU.ActiveCfg = Release|x86
		{CC56640D-264D-4111-AD81-83FAD19085FB}.Release|Mixed Platforms.ActiveCfg = Release|x86
		{CC56640D-264D-4111-AD81-83FAD19085FB}.Release|Mixed Platforms.Build.0 = Release|x86
		{CC56640D-264D-4111-AD81-83FAD19085FB}.Release|x86.ActiveCfg = Release|x86
		{CC56640D-264D-4111-AD81-83FAD19085FB}.Release|x86.Build.0 = Release|x86
		{CC56640D-264D-4111-AD81-83FAD19085FB}.SingleImage|Any CPU.ActiveCfg = Release|x86
		{CC56640D-264D-4111-AD81-83FAD19085FB}.SingleImage|Mixed Platforms.ActiveCfg = Release|x86
		{CC56640D-264D-4111-AD81-83FAD19085FB}.SingleImage|Mixed Platforms.Build.0 = Release|x86
		{CC56640D-264D-4111-AD81-83FAD19085FB}.SingleImage|x86.ActiveCfg = Release|x86
		{CC56640D-264D-4111-AD81-83FAD19085FB}.SingleImage|x86.Build.0 = Release|x86
		{62D62188-ECEF-4F36-85E3-F998C000448A}.CD_ROM|Any CPU.ActiveCfg = Release|Any CPU
		{62D62188-ECEF-4F36-85E3-F998C000448A}.CD_ROM|Any CPU.Build.0 = Release|Any CPU
		{62D62188-ECEF-4F36-85E3-F998C000448A}.CD_ROM|Mixed Platforms.ActiveCfg = Release|Any CPU
		{62D62188-ECEF-4F36-85E3-F998C000448A}.CD_ROM|Mixed Platforms.Build.0 = Release|Any CPU
		{62D62188-ECEF-4F36-85E3-F998C000448A}.CD_ROM|x86.ActiveCfg = Release|Any CPU
		{62D62188-ECEF-4F36-85E3-F998C000448A}.Debug|Any CPU.ActiveCfg = Debug|Any CPU
		{62D62188-ECEF-4F36-85E3-F998C000448A}.Debug|Any CPU.Build.0 = Debug|Any CPU
		{62D62188-ECEF-4F36-85E3-F998C000448A}.Debug|Mixed Platforms.ActiveCfg = Debug|Any CPU
		{62D62188-ECEF-4F36-85E3-F998C000448A}.Debug|Mixed Platforms.Build.0 = Debug|Any CPU
		{62D62188-ECEF-4F36-85E3-F998C000448A}.Debug|x86.ActiveCfg = Debug|Any CPU
		{62D62188-ECEF-4F36-85E3-F998C000448A}.DVD-5|Any CPU.ActiveCfg = Debug|Any CPU
		{62D62188-ECEF-4F36-85E3-F998C000448A}.DVD-5|Any CPU.Build.0 = Debug|Any CPU
		{62D62188-ECEF-4F36-85E3-F998C000448A}.DVD-5|Mixed Platforms.ActiveCfg = Debug|Any CPU
		{62D62188-ECEF-4F36-85E3-F998C000448A}.DVD-5|Mixed Platforms.Build.0 = Debug|Any CPU
		{62D62188-ECEF-4F36-85E3-F998C000448A}.DVD-5|x86.ActiveCfg = Debug|Any CPU
		{62D62188-ECEF-4F36-85E3-F998C000448A}.Release|Any CPU.ActiveCfg = Release|Any CPU
		{62D62188-ECEF-4F36-85E3-F998C000448A}.Release|Any CPU.Build.0 = Release|Any CPU
		{62D62188-ECEF-4F36-85E3-F998C000448A}.Release|Mixed Platforms.ActiveCfg = Release|Any CPU
		{62D62188-ECEF-4F36-85E3-F998C000448A}.Release|Mixed Platforms.Build.0 = Release|Any CPU
		{62D62188-ECEF-4F36-85E3-F998C000448A}.Release|x86.ActiveCfg = Release|Any CPU
		{62D62188-ECEF-4F36-85E3-F998C000448A}.SingleImage|Any CPU.ActiveCfg = Release|Any CPU
		{62D62188-ECEF-4F36-85E3-F998C000448A}.SingleImage|Any CPU.Build.0 = Release|Any CPU
		{62D62188-ECEF-4F36-85E3-F998C000448A}.SingleImage|Mixed Platforms.ActiveCfg = Release|Any CPU
		{62D62188-ECEF-4F36-85E3-F998C000448A}.SingleImage|Mixed Platforms.Build.0 = Release|Any CPU
		{62D62188-ECEF-4F36-85E3-F998C000448A}.SingleImage|x86.ActiveCfg = Release|Any CPU
		{517FE7AC-77CE-4008-BC78-A4E74AEC779C}.CD_ROM|Any CPU.ActiveCfg = Release|Any CPU
		{517FE7AC-77CE-4008-BC78-A4E74AEC779C}.CD_ROM|Any CPU.Build.0 = Release|Any CPU
		{517FE7AC-77CE-4008-BC78-A4E74AEC779C}.CD_ROM|Mixed Platforms.ActiveCfg = Release|Any CPU
		{517FE7AC-77CE-4008-BC78-A4E74AEC779C}.CD_ROM|Mixed Platforms.Build.0 = Release|Any CPU
		{517FE7AC-77CE-4008-BC78-A4E74AEC779C}.CD_ROM|x86.ActiveCfg = Release|Any CPU
		{517FE7AC-77CE-4008-BC78-A4E74AEC779C}.Debug|Any CPU.ActiveCfg = Debug|Any CPU
		{517FE7AC-77CE-4008-BC78-A4E74AEC779C}.Debug|Any CPU.Build.0 = Debug|Any CPU
		{517FE7AC-77CE-4008-BC78-A4E74AEC779C}.Debug|Mixed Platforms.ActiveCfg = Debug|Any CPU
		{517FE7AC-77CE-4008-BC78-A4E74AEC779C}.Debug|Mixed Platforms.Build.0 = Debug|Any CPU
		{517FE7AC-77CE-4008-BC78-A4E74AEC779C}.Debug|x86.ActiveCfg = Debug|Any CPU
		{517FE7AC-77CE-4008-BC78-A4E74AEC779C}.DVD-5|Any CPU.ActiveCfg = Debug|Any CPU
		{517FE7AC-77CE-4008-BC78-A4E74AEC779C}.DVD-5|Any CPU.Build.0 = Debug|Any CPU
		{517FE7AC-77CE-4008-BC78-A4E74AEC779C}.DVD-5|Mixed Platforms.ActiveCfg = Debug|Any CPU
		{517FE7AC-77CE-4008-BC78-A4E74AEC779C}.DVD-5|Mixed Platforms.Build.0 = Debug|Any CPU
		{517FE7AC-77CE-4008-BC78-A4E74AEC779C}.DVD-5|x86.ActiveCfg = Debug|Any CPU
		{517FE7AC-77CE-4008-BC78-A4E74AEC779C}.Release|Any CPU.ActiveCfg = Release|Any CPU
		{517FE7AC-77CE-4008-BC78-A4E74AEC779C}.Release|Any CPU.Build.0 = Release|Any CPU
		{517FE7AC-77CE-4008-BC78-A4E74AEC779C}.Release|Mixed Platforms.ActiveCfg = Release|Any CPU
		{517FE7AC-77CE-4008-BC78-A4E74AEC779C}.Release|Mixed Platforms.Build.0 = Release|Any CPU
		{517FE7AC-77CE-4008-BC78-A4E74AEC779C}.Release|x86.ActiveCfg = Release|Any CPU
		{517FE7AC-77CE-4008-BC78-A4E74AEC779C}.SingleImage|Any CPU.ActiveCfg = Release|Any CPU
		{517FE7AC-77CE-4008-BC78-A4E74AEC779C}.SingleImage|Any CPU.Build.0 = Release|Any CPU
		{517FE7AC-77CE-4008-BC78-A4E74AEC779C}.SingleImage|Mixed Platforms.ActiveCfg = Release|Any CPU
		{517FE7AC-77CE-4008-BC78-A4E74AEC779C}.SingleImage|Mixed Platforms.Build.0 = Release|Any CPU
		{517FE7AC-77CE-4008-BC78-A4E74AEC779C}.SingleImage|x86.ActiveCfg = Release|Any CPU
		{445E9C25-7356-4197-9A74-2BB500E33F82}.CD_ROM|Any CPU.ActiveCfg = Release|Any CPU
		{445E9C25-7356-4197-9A74-2BB500E33F82}.CD_ROM|Any CPU.Build.0 = Release|Any CPU
		{445E9C25-7356-4197-9A74-2BB500E33F82}.CD_ROM|Mixed Platforms.ActiveCfg = Release|Any CPU
		{445E9C25-7356-4197-9A74-2BB500E33F82}.CD_ROM|Mixed Platforms.Build.0 = Release|Any CPU
		{445E9C25-7356-4197-9A74-2BB500E33F82}.CD_ROM|x86.ActiveCfg = Release|Any CPU
		{445E9C25-7356-4197-9A74-2BB500E33F82}.Debug|Any CPU.ActiveCfg = Debug|Any CPU
		{445E9C25-7356-4197-9A74-2BB500E33F82}.Debug|Any CPU.Build.0 = Debug|Any CPU
		{445E9C25-7356-4197-9A74-2BB500E33F82}.Debug|Mixed Platforms.ActiveCfg = Debug|Any CPU
		{445E9C25-7356-4197-9A74-2BB500E33F82}.Debug|Mixed Platforms.Build.0 = Debug|Any CPU
		{445E9C25-7356-4197-9A74-2BB500E33F82}.Debug|x86.ActiveCfg = Debug|Any CPU
		{445E9C25-7356-4197-9A74-2BB500E33F82}.DVD-5|Any CPU.ActiveCfg = Debug|Any CPU
		{445E9C25-7356-4197-9A74-2BB500E33F82}.DVD-5|Any CPU.Build.0 = Debug|Any CPU
		{445E9C25-7356-4197-9A74-2BB500E33F82}.DVD-5|Mixed Platforms.ActiveCfg = Debug|Any CPU
		{445E9C25-7356-4197-9A74-2BB500E33F82}.DVD-5|Mixed Platforms.Build.0 = Debug|Any CPU
		{445E9C25-7356-4197-9A74-2BB500E33F82}.DVD-5|x86.ActiveCfg = Debug|Any CPU
		{445E9C25-7356-4197-9A74-2BB500E33F82}.Release|Any CPU.ActiveCfg = Release|Any CPU
		{445E9C25-7356-4197-9A74-2BB500E33F82}.Release|Any CPU.Build.0 = Release|Any CPU
		{445E9C25-7356-4197-9A74-2BB500E33F82}.Release|Mixed Platforms.ActiveCfg = Release|Any CPU
		{445E9C25-7356-4197-9A74-2BB500E33F82}.Release|Mixed Platforms.Build.0 = Release|Any CPU
		{445E9C25-7356-4197-9A74-2BB500E33F82}.Release|x86.ActiveCfg = Release|Any CPU
		{445E9C25-7356-4197-9A74-2BB500E33F82}.SingleImage|Any CPU.ActiveCfg = Release|Any CPU
		{445E9C25-7356-4197-9A74-2BB500E33F82}.SingleImage|Any CPU.Build.0 = Release|Any CPU
		{445E9C25-7356-4197-9A74-2BB500E33F82}.SingleImage|Mixed Platforms.ActiveCfg = Release|Any CPU
		{445E9C25-7356-4197-9A74-2BB500E33F82}.SingleImage|Mixed Platforms.Build.0 = Release|Any CPU
		{445E9C25-7356-4197-9A74-2BB500E33F82}.SingleImage|x86.ActiveCfg = Release|Any CPU
		{E6AD0E22-2F14-4190-8DDD-B623A15BED19}.CD_ROM|Any CPU.ActiveCfg = CD_ROM
		{E6AD0E22-2F14-4190-8DDD-B623A15BED19}.CD_ROM|Any CPU.Build.0 = CD_ROM
		{E6AD0E22-2F14-4190-8DDD-B623A15BED19}.CD_ROM|Mixed Platforms.ActiveCfg = CD_ROM
		{E6AD0E22-2F14-4190-8DDD-B623A15BED19}.CD_ROM|Mixed Platforms.Build.0 = CD_ROM
		{E6AD0E22-2F14-4190-8DDD-B623A15BED19}.CD_ROM|x86.ActiveCfg = CD_ROM
		{E6AD0E22-2F14-4190-8DDD-B623A15BED19}.CD_ROM|x86.Build.0 = CD_ROM
		{E6AD0E22-2F14-4190-8DDD-B623A15BED19}.Debug|Any CPU.ActiveCfg = DVD-5
		{E6AD0E22-2F14-4190-8DDD-B623A15BED19}.Debug|Any CPU.Build.0 = DVD-5
		{E6AD0E22-2F14-4190-8DDD-B623A15BED19}.Debug|Mixed Platforms.ActiveCfg = DVD-5
		{E6AD0E22-2F14-4190-8DDD-B623A15BED19}.Debug|Mixed Platforms.Build.0 = DVD-5
		{E6AD0E22-2F14-4190-8DDD-B623A15BED19}.Debug|x86.ActiveCfg = DVD-5
		{E6AD0E22-2F14-4190-8DDD-B623A15BED19}.Debug|x86.Build.0 = DVD-5
		{E6AD0E22-2F14-4190-8DDD-B623A15BED19}.DVD-5|Any CPU.ActiveCfg = DVD-5
		{E6AD0E22-2F14-4190-8DDD-B623A15BED19}.DVD-5|Any CPU.Build.0 = DVD-5
		{E6AD0E22-2F14-4190-8DDD-B623A15BED19}.DVD-5|Mixed Platforms.ActiveCfg = DVD-5
		{E6AD0E22-2F14-4190-8DDD-B623A15BED19}.DVD-5|Mixed Platforms.Build.0 = DVD-5
		{E6AD0E22-2F14-4190-8DDD-B623A15BED19}.DVD-5|x86.ActiveCfg = DVD-5
		{E6AD0E22-2F14-4190-8DDD-B623A15BED19}.DVD-5|x86.Build.0 = DVD-5
		{E6AD0E22-2F14-4190-8DDD-B623A15BED19}.Release|Any CPU.ActiveCfg = SingleImage
		{E6AD0E22-2F14-4190-8DDD-B623A15BED19}.Release|Any CPU.Build.0 = SingleImage
		{E6AD0E22-2F14-4190-8DDD-B623A15BED19}.Release|Mixed Platforms.ActiveCfg = SingleImage
		{E6AD0E22-2F14-4190-8DDD-B623A15BED19}.Release|Mixed Platforms.Build.0 = SingleImage
		{E6AD0E22-2F14-4190-8DDD-B623A15BED19}.Release|x86.ActiveCfg = SingleImage
		{E6AD0E22-2F14-4190-8DDD-B623A15BED19}.Release|x86.Build.0 = SingleImage
		{E6AD0E22-2F14-4190-8DDD-B623A15BED19}.SingleImage|Any CPU.ActiveCfg = SingleImage
		{E6AD0E22-2F14-4190-8DDD-B623A15BED19}.SingleImage|Any CPU.Build.0 = SingleImage
		{E6AD0E22-2F14-4190-8DDD-B623A15BED19}.SingleImage|Mixed Platforms.ActiveCfg = SingleImage
		{E6AD0E22-2F14-4190-8DDD-B623A15BED19}.SingleImage|Mixed Platforms.Build.0 = SingleImage
		{E6AD0E22-2F14-4190-8DDD-B623A15BED19}.SingleImage|x86.ActiveCfg = SingleImage
		{E6AD0E22-2F14-4190-8DDD-B623A15BED19}.SingleImage|x86.Build.0 = SingleImage
	EndGlobalSection
	GlobalSection(SolutionProperties) = preSolution
		HideSolutionNode = FALSE
	EndGlobalSection
EndGlobal
